{
  "version": 4,
  "terraform_version": "1.9.7",
  "serial": 4,
  "lineage": "f260d66f-27e6-854e-9b4e-49149e0b3dd8",
  "outputs": {},
  "resources": [
    {
      "mode": "managed",
      "type": "spotify_playlist",
      "name": "KaranAujla",
      "provider": "provider[\"registry.terraform.io/conradludgate/spotify\"]",
      "instances": [
        {
          "schema_version": 0,
          "attributes": {
            "description": null,
            "id": "3aZSFME3KgrWG4mS661Ahd",
            "name": "KaranAujla",
            "public": true,
            "snapshot_id": "AAAAAvjAFFnU/RhYmFPryiOY37OBsfgP",
            "tracks": [
              "7KmCQLSSde0UX5OqCgvGN9"
            ]
          },
          "sensitive_attributes": [],
          "private": "bnVsbA=="
        }
      ]
    }
  ],
  "check_results": null
}
